
Microsoft Visual Studio Solution File, Format Version 12.00
# Visual Studio Version 17
VisualStudioVersion = 17.9.34714.143
MinimumVisualStudioVersion = 10.0.40219.1
Project("{9A19103F-16F7-4668-BE54-9A1E7A4F7556}") = "exercises", "exercises\exercises.csproj", "{E12DEFAC-9700-4C6C-A6A0-7D47ADA7A0DC}"
EndProject
Project("{FAE04EC0-301F-11D3-BF4B-00C04F79EFBC}") = "linqExercises", "linqExercises\linqExercises.csproj", "{9C226B7E-4DFC-4463-B4D2-F53E6DF82FD2}"
EndProject
Global
	GlobalSection(SolutionConfigurationPlatforms) = preSolution
		Debug|Any CPU = Debug|Any CPU
		Release|Any CPU = Release|Any CPU
	EndGlobalSection
	GlobalSection(ProjectConfigurationPlatforms) = postSolution
		{E12DEFAC-9700-4C6C-A6A0-7D47ADA7A0DC}.Debug|Any CPU.ActiveCfg = Debug|Any CPU
		{E12DEFAC-9700-4C6C-A6A0-7D47ADA7A0DC}.Debug|Any CPU.Build.0 = Debug|Any CPU
		{E12DEFAC-9700-4C6C-A6A0-7D47ADA7A0DC}.Release|Any CPU.ActiveCfg = Release|Any CPU
		{E12DEFAC-9700-4C6C-A6A0-7D47ADA7A0DC}.Release|Any CPU.Build.0 = Release|Any CPU
		{9C226B7E-4DFC-4463-B4D2-F53E6DF82FD2}.Debug|Any CPU.ActiveCfg = Debug|Any CPU
		{9C226B7E-4DFC-4463-B4D2-F53E6DF82FD2}.Debug|Any CPU.Build.0 = Debug|Any CPU
		{9C226B7E-4DFC-4463-B4D2-F53E6DF82FD2}.Release|Any CPU.ActiveCfg = Release|Any CPU
		{9C226B7E-4DFC-4463-B4D2-F53E6DF82FD2}.Release|Any CPU.Build.0 = Release|Any CPU
	EndGlobalSection
	GlobalSection(SolutionProperties) = preSolution
		HideSolutionNode = FALSE
	EndGlobalSection
	GlobalSection(ExtensibilityGlobals) = postSolution
		SolutionGuid = {1D1529DC-A08C-4B97-8FE0-A37374CD84FF}
	EndGlobalSection
EndGlobal
